
Microsoft Visual Studio Solution File, Format Version 12.00
# Visual Studio Version 17
VisualStudioVersion = 17.9.34728.123
MinimumVisualStudioVersion = 10.0.40219.1
Project("{9A19103F-16F7-4668-BE54-9A1E7A4F7556}") = "zapzap.robochat", "zapzap.robochat.csproj", "{F8AFEED4-C072-476F-96B7-90129D1310C4}"
EndProject
Global
	GlobalSection(SolutionConfigurationPlatforms) = preSolution
		Debug|Any CPU = Debug|Any CPU
		Release|Any CPU = Release|Any CPU
	EndGlobalSection
	GlobalSection(ProjectConfigurationPlatforms) = postSolution
		{F8AFEED4-C072-476F-96B7-90129D1310C4}.Debug|Any CPU.ActiveCfg = Debug|Any CPU
		{F8AFEED4-C072-476F-96B7-90129D1310C4}.Debug|Any CPU.Build.0 = Debug|Any CPU
		{F8AFEED4-C072-476F-96B7-90129D1310C4}.Release|Any CPU.ActiveCfg = Release|Any CPU
		{F8AFEED4-C072-476F-96B7-90129D1310C4}.Release|Any CPU.Build.0 = Release|Any CPU
	EndGlobalSection
	GlobalSection(SolutionProperties) = preSolution
		HideSolutionNode = FALSE
	EndGlobalSection
	GlobalSection(ExtensibilityGlobals) = postSolution
		SolutionGuid = {02128FD5-CE43-435A-9A3D-300EBD6213E2}
	EndGlobalSection
EndGlobal
